{
  "name": "@bufbuild/connect-es-utils",
  "lockfileVersion": 3,
  "requires": true,
  "packages": {
    "": {
      "name": "@bufbuild/connect-es-utils",
      "workspaces": [
        "./npm-packages/license-header"
      ],
      "engines": {
        "node": ">=18",
        "npm": ">=9"
      }
    },
    "node_modules/@bufbuild/license-header": {
      "resolved": "npm-packages/license-header",
      "link": true
    },
    "node_modules/picomatch": {
      "version": "2.3.1",
      "resolved": "https://registry.npmjs.org/picomatch/-/picomatch-2.3.1.tgz",
      "integrity": "sha512-JU3teHTNjmE2VCGFzuY8EXzCDVwEqB2a8fsIvwaStHhAWJEeVd1o1QD80CU6+ZdEXXSLbSsuLwJjkCBWqRQUVA==",
      "engines": {
        "node": ">=8.6"
      },
      "funding": {
        "url": "https://github.com/sponsors/jonschlinkert"
      }
    },
    "npm-packages/license-header": {
      "name": "@bufbuild/license-header",
      "version": "0.0.1",
      "license": "Apache-2.0",
      "dependencies": {
        "picomatch": "^2.3.1"
      },
      "bin": {
        "license-header": "command.mjs"
      }
    }
  }
}
